
Microsoft Visual Studio Solution File, Format Version 12.00
# Visual Studio Version 17
VisualStudioVersion = 17.2.32505.173
MinimumVisualStudioVersion = 10.0.40219.1
Project("{FAE04EC0-301F-11D3-BF4B-00C04F79EFBC}") = "ae1848", "ae1848\ae1848.csproj", "{942C09F5-3D6B-45C0-B1AB-A2951BC845A6}"
EndProject
Global
	GlobalSection(SolutionConfigurationPlatforms) = preSolution
		Debug|Any CPU = Debug|Any CPU
		Release|Any CPU = Release|Any CPU
	EndGlobalSection
	GlobalSection(ProjectConfigurationPlatforms) = postSolution
		{942C09F5-3D6B-45C0-B1AB-A2951BC845A6}.Debug|Any CPU.ActiveCfg = Debug|Any CPU
		{942C09F5-3D6B-45C0-B1AB-A2951BC845A6}.Debug|Any CPU.Build.0 = Debug|Any CPU
		{942C09F5-3D6B-45C0-B1AB-A2951BC845A6}.Release|Any CPU.ActiveCfg = Release|Any CPU
		{942C09F5-3D6B-45C0-B1AB-A2951BC845A6}.Release|Any CPU.Build.0 = Release|Any CPU
	EndGlobalSection
	GlobalSection(SolutionProperties) = preSolution
		HideSolutionNode = FALSE
	EndGlobalSection
	GlobalSection(ExtensibilityGlobals) = postSolution
		SolutionGuid = {699926F7-FB15-4CD9-B1F8-E3905310FCFC}
	EndGlobalSection
EndGlobal
